
Microsoft Visual Studio Solution File, Format Version 12.00
# Visual Studio Version 17
VisualStudioVersion = 17.8.34212.112
MinimumVisualStudioVersion = 10.0.40219.1
Project("{FAE04EC0-301F-11D3-BF4B-00C04F79EFBC}") = "lab4", "lab4\lab4.csproj", "{23F87057-B561-4B6B-A1A7-BAA8A6DB8FCC}"
EndProject
Global
	GlobalSection(SolutionConfigurationPlatforms) = preSolution
		Debug|Any CPU = Debug|Any CPU
		Release|Any CPU = Release|Any CPU
	EndGlobalSection
	GlobalSection(ProjectConfigurationPlatforms) = postSolution
		{23F87057-B561-4B6B-A1A7-BAA8A6DB8FCC}.Debug|Any CPU.ActiveCfg = Debug|Any CPU
		{23F87057-B561-4B6B-A1A7-BAA8A6DB8FCC}.Debug|Any CPU.Build.0 = Debug|Any CPU
		{23F87057-B561-4B6B-A1A7-BAA8A6DB8FCC}.Release|Any CPU.ActiveCfg = Release|Any CPU
		{23F87057-B561-4B6B-A1A7-BAA8A6DB8FCC}.Release|Any CPU.Build.0 = Release|Any CPU
	EndGlobalSection
	GlobalSection(SolutionProperties) = preSolution
		HideSolutionNode = FALSE
	EndGlobalSection
	GlobalSection(ExtensibilityGlobals) = postSolution
		SolutionGuid = {890FEDBC-6C4B-4E31-B1C5-834151AED039}
	EndGlobalSection
EndGlobal
